
{
  "name": "siscqt-enterprise-ai",
  "version": "1.0.0",
  "lockfileVersion": 3,
  "requires": true,
  "packages": {
    "": {
      "name": "siscqt-enterprise-ai",
      "version": "1.0.0",
      "dependencies": {
        "@azure/msal-browser": "^3.28.0",
        "@azure/msal-react": "^2.3.0",
        "@google/genai": "^1.37.0",
        "@prisma/client": "^5.10.2",
        "express": "^5.0.0",
        "jsonwebtoken": "^9.0.2",
        "jszip": "^3.10.1",
        "leaflet": "^1.9.4",
        "react": "^19.0.0",
        "react-dom": "^19.0.0",
        "react-leaflet": "^4.2.1",
        "react-router-dom": "^6.22.3",
        "recharts": "^2.15.0"
      }
    }
  }
}
